
Microsoft Visual Studio Solution File, Format Version 12.00
# Visual Studio Version 16
VisualStudioVersion = 16.0.31105.61
MinimumVisualStudioVersion = 10.0.40219.1
Project("{2150E333-8FDC-42A3-9474-1A3956D46DE8}") = "Account.Management", "Account.Management", "{F2DD821F-82B2-406B-AE62-C8F02AC561BE}"
EndProject
Project("{9A19103F-16F7-4668-BE54-9A1E7A4F7556}") = "AM.Domain", "AM.Domain\AM.Domain.csproj", "{5CDD3958-D4B4-46E3-8450-7A279257A3D0}"
EndProject
Project("{9A19103F-16F7-4668-BE54-9A1E7A4F7556}") = "0_Framework", "0_Framework\0_Framework.csproj", "{32BDFB20-6459-4CFB-B03B-E94C5F6BA107}"
EndProject
Project("{9A19103F-16F7-4668-BE54-9A1E7A4F7556}") = "AM.Application.Contracts", "AM.Application.Contracts\AM.Application.Contracts.csproj", "{4918C052-14AF-4B7F-B3E1-174973B03DAE}"
EndProject
Project("{9A19103F-16F7-4668-BE54-9A1E7A4F7556}") = "AM.Infrastructure", "AM.Infrastructure\AM.Infrastructure.csproj", "{0C8F99E0-F144-4187-9447-63CC107938A6}"
EndProject
Project("{9A19103F-16F7-4668-BE54-9A1E7A4F7556}") = "AM.Infrastructure.Core", "AM.Infrastructure.Core\AM.Infrastructure.Core.csproj", "{4A8F54BB-32DB-44A6-8B26-8B341527F0AA}"
EndProject
Project("{9A19103F-16F7-4668-BE54-9A1E7A4F7556}") = "AM.Application", "AM.Application\AM.Application.csproj", "{0CCCFDA1-BC8A-484F-A15F-2A95C6AE0FC2}"
EndProject
Project("{9A19103F-16F7-4668-BE54-9A1E7A4F7556}") = "ServiceHost", "ServiceHost\ServiceHost.csproj", "{F485C67F-E722-44FD-8D4E-B54880502824}"
EndProject
Project("{FAE04EC0-301F-11D3-BF4B-00C04F79EFBC}") = "AM.Management.API", "AM.Management.API\AM.Management.API.csproj", "{13F34D43-6D5C-450F-A742-C1B85D5ACDC1}"
EndProject
Global
	GlobalSection(SolutionConfigurationPlatforms) = preSolution
		Debug|Any CPU = Debug|Any CPU
		Release|Any CPU = Release|Any CPU
	EndGlobalSection
	GlobalSection(ProjectConfigurationPlatforms) = postSolution
		{5CDD3958-D4B4-46E3-8450-7A279257A3D0}.Debug|Any CPU.ActiveCfg = Debug|Any CPU
		{5CDD3958-D4B4-46E3-8450-7A279257A3D0}.Debug|Any CPU.Build.0 = Debug|Any CPU
		{5CDD3958-D4B4-46E3-8450-7A279257A3D0}.Release|Any CPU.ActiveCfg = Release|Any CPU
		{5CDD3958-D4B4-46E3-8450-7A279257A3D0}.Release|Any CPU.Build.0 = Release|Any CPU
		{32BDFB20-6459-4CFB-B03B-E94C5F6BA107}.Debug|Any CPU.ActiveCfg = Debug|Any CPU
		{32BDFB20-6459-4CFB-B03B-E94C5F6BA107}.Debug|Any CPU.Build.0 = Debug|Any CPU
		{32BDFB20-6459-4CFB-B03B-E94C5F6BA107}.Release|Any CPU.ActiveCfg = Release|Any CPU
		{32BDFB20-6459-4CFB-B03B-E94C5F6BA107}.Release|Any CPU.Build.0 = Release|Any CPU
		{4918C052-14AF-4B7F-B3E1-174973B03DAE}.Debug|Any CPU.ActiveCfg = Debug|Any CPU
		{4918C052-14AF-4B7F-B3E1-174973B03DAE}.Debug|Any CPU.Build.0 = Debug|Any CPU
		{4918C052-14AF-4B7F-B3E1-174973B03DAE}.Release|Any CPU.ActiveCfg = Release|Any CPU
		{4918C052-14AF-4B7F-B3E1-174973B03DAE}.Release|Any CPU.Build.0 = Release|Any CPU
		{0C8F99E0-F144-4187-9447-63CC107938A6}.Debug|Any CPU.ActiveCfg = Debug|Any CPU
		{0C8F99E0-F144-4187-9447-63CC107938A6}.Debug|Any CPU.Build.0 = Debug|Any CPU
		{0C8F99E0-F144-4187-9447-63CC107938A6}.Release|Any CPU.ActiveCfg = Release|Any CPU
		{0C8F99E0-F144-4187-9447-63CC107938A6}.Release|Any CPU.Build.0 = Release|Any CPU
		{4A8F54BB-32DB-44A6-8B26-8B341527F0AA}.Debug|Any CPU.ActiveCfg = Debug|Any CPU
		{4A8F54BB-32DB-44A6-8B26-8B341527F0AA}.Debug|Any CPU.Build.0 = Debug|Any CPU
		{4A8F54BB-32DB-44A6-8B26-8B341527F0AA}.Release|Any CPU.ActiveCfg = Release|Any CPU
		{4A8F54BB-32DB-44A6-8B26-8B341527F0AA}.Release|Any CPU.Build.0 = Release|Any CPU
		{0CCCFDA1-BC8A-484F-A15F-2A95C6AE0FC2}.Debug|Any CPU.ActiveCfg = Debug|Any CPU
		{0CCCFDA1-BC8A-484F-A15F-2A95C6AE0FC2}.Debug|Any CPU.Build.0 = Debug|Any CPU
		{0CCCFDA1-BC8A-484F-A15F-2A95C6AE0FC2}.Release|Any CPU.ActiveCfg = Release|Any CPU
		{0CCCFDA1-BC8A-484F-A15F-2A95C6AE0FC2}.Release|Any CPU.Build.0 = Release|Any CPU
		{F485C67F-E722-44FD-8D4E-B54880502824}.Debug|Any CPU.ActiveCfg = Debug|Any CPU
		{F485C67F-E722-44FD-8D4E-B54880502824}.Debug|Any CPU.Build.0 = Debug|Any CPU
		{F485C67F-E722-44FD-8D4E-B54880502824}.Release|Any CPU.ActiveCfg = Release|Any CPU
		{F485C67F-E722-44FD-8D4E-B54880502824}.Release|Any CPU.Build.0 = Release|Any CPU
		{13F34D43-6D5C-450F-A742-C1B85D5ACDC1}.Debug|Any CPU.ActiveCfg = Debug|Any CPU
		{13F34D43-6D5C-450F-A742-C1B85D5ACDC1}.Debug|Any CPU.Build.0 = Debug|Any CPU
		{13F34D43-6D5C-450F-A742-C1B85D5ACDC1}.Release|Any CPU.ActiveCfg = Release|Any CPU
		{13F34D43-6D5C-450F-A742-C1B85D5ACDC1}.Release|Any CPU.Build.0 = Release|Any CPU
	EndGlobalSection
	GlobalSection(SolutionProperties) = preSolution
		HideSolutionNode = FALSE
	EndGlobalSection
	GlobalSection(NestedProjects) = preSolution
		{5CDD3958-D4B4-46E3-8450-7A279257A3D0} = {F2DD821F-82B2-406B-AE62-C8F02AC561BE}
		{4918C052-14AF-4B7F-B3E1-174973B03DAE} = {F2DD821F-82B2-406B-AE62-C8F02AC561BE}
		{0C8F99E0-F144-4187-9447-63CC107938A6} = {F2DD821F-82B2-406B-AE62-C8F02AC561BE}
		{4A8F54BB-32DB-44A6-8B26-8B341527F0AA} = {F2DD821F-82B2-406B-AE62-C8F02AC561BE}
		{0CCCFDA1-BC8A-484F-A15F-2A95C6AE0FC2} = {F2DD821F-82B2-406B-AE62-C8F02AC561BE}
		{13F34D43-6D5C-450F-A742-C1B85D5ACDC1} = {F2DD821F-82B2-406B-AE62-C8F02AC561BE}
	EndGlobalSection
	GlobalSection(ExtensibilityGlobals) = postSolution
		SolutionGuid = {EBA3B012-1CA4-41D3-BC84-15F5A433C34F}
	EndGlobalSection
EndGlobal
